{
    "_readme": [
        "This file locks the dependencies of your project to a known state",
        "Read more about it at https://getcomposer.org/doc/01-basic-usage.md#composer-lock-the-lock-file",
        "This file is @generated automatically"
    ],
    "content-hash": "5fa03268c8273b84ea497368a990ee09",
    "packages": [
        {
            "name": "guzzlehttp/promises",
            "version": "v1.3.1",
            "source": {
                "type": "git",
                "url": "https://github.com/guzzle/promises.git",
                "reference": "a59da6cf61d80060647ff4d3eb2c03a2bc694646"
            },
            "dist": {
                "type": "zip",
                "url": "https://files.phpcomposer.com/files/guzzle/promises/a59da6cf61d80060647ff4d3eb2c03a2bc694646.zip",
                "reference": "a59da6cf61d80060647ff4d3eb2c03a2bc694646",
                "shasum": ""
            },
            "require": {
                "php": ">=5.5.0"
            },
            "require-dev": {
                "phpunit/phpunit": "^4.0"
            },
            "type": "library",
            "extra": {
                "branch-alias": {
                    "dev-master": "1.4-dev"
                }
            },
            "autoload": {
                "psr-4": {
                    "GuzzleHttp\\Promise\\": "src/"
                },
                "files": [
                    "src/functions_include.php"
                ]
            },
            "notification-url": "https://packagist.org/downloads/",
            "license": [
                "MIT"
            ],
            "authors": [
                {
                    "name": "Michael Dowling",
                    "email": "mtdowling@gmail.com",
                    "homepage": "https://github.com/mtdowling"
                }
            ],
            "description": "Guzzle promises library",
            "keywords": [
                "promise"
            ],
            "time": "2016-12-20T10:07:11+00:00"
        },
        {
            "name": "inhere/console",
            "version": "dev-master",
            "source": {
                "type": "git",
                "url": "https://github.com/inhere/php-console.git",
                "reference": "23704970a042733b536401a7e4d3fb9cf72ccf97"
            },
            "dist": {
                "type": "zip",
                "url": "https://files.phpcomposer.com/files/inhere/php-console/23704970a042733b536401a7e4d3fb9cf72ccf97.zip",
                "reference": "23704970a042733b536401a7e4d3fb9cf72ccf97",
                "shasum": ""
            },
            "require": {
                "php": ">=7.0.0"
            },
            "suggest": {
                "inhere/simple-print-tool": "Very lightweight data printing tools"
            },
            "type": "library",
            "autoload": {
                "psr-4": {
                    "Inhere\\Console\\": "src/"
                }
            },
            "notification-url": "https://packagist.org/downloads/",
            "license": [
                "MIT"
            ],
            "authors": [
                {
                    "name": "inhere",
                    "email": "in.798@qq.com",
                    "homepage": "http://www.yzone.net/"
                }
            ],
            "description": "a php console application library.",
            "homepage": "https://github.com/inhere/php-console",
            "keywords": [
                "command",
                "console",
                "console-application",
                "console-color",
                "library"
            ],
            "time": "2017-10-19 16:34:10"
        },
        {
            "name": "inhere/event",
            "version": "dev-master",
            "source": {
                "type": "git",
                "url": "https://github.com/inhere/php-event-manager.git",
                "reference": "3b2cd1bba0be9b7b5e913ee7f88728aeb905c879"
            },
            "dist": {
                "type": "zip",
                "url": "https://files.phpcomposer.com/files/inhere/php-event-manager/3b2cd1bba0be9b7b5e913ee7f88728aeb905c879.zip",
                "reference": "3b2cd1bba0be9b7b5e913ee7f88728aeb905c879",
                "shasum": ""
            },
            "require": {
                "php": ">=7.0.0"
            },
            "suggest": {
                "inhere/console": "a lightweight php console application library.",
                "inhere/php-validate": "Very lightweight data validate tool library"
            },
            "type": "library",
            "autoload": {
                "psr-4": {
                    "Inhere\\Event\\": "src/"
                }
            },
            "notification-url": "https://packagist.org/downloads/",
            "license": [
                "MIT"
            ],
            "authors": [
                {
                    "name": "inhere",
                    "email": "in.798@qq.com",
                    "homepage": "http://www.yzone.net/"
                }
            ],
            "description": "event manager library of the php",
            "homepage": "https://github.com/inhere/php-event-manager",
            "keywords": [
                "event",
                "event-dispatcher",
                "library"
            ],
            "time": "2017-10-17 01:59:48"
        },
        {
            "name": "inhere/http",
            "version": "dev-master",
            "source": {
                "type": "git",
                "url": "https://github.com/inhere/php-http.git",
                "reference": "af334b1c9203321e351367e5ea6bb4c766f5e7ed"
            },
            "dist": {
                "type": "zip",
                "url": "https://files.phpcomposer.com/files/inhere/php-http/af334b1c9203321e351367e5ea6bb4c766f5e7ed.zip",
                "reference": "af334b1c9203321e351367e5ea6bb4c766f5e7ed",
                "shasum": ""
            },
            "require": {
                "inhere/library": "dev-master",
                "php": ">=7.0.0",
                "psr/http-message": "^1.0"
            },
            "suggest": {
                "inhere/console": "a lightweight php console application library.",
                "inhere/php-validate": "Very lightweight data validate tool"
            },
            "type": "library",
            "autoload": {
                "psr-4": {
                    "Inhere\\Http\\": "src/"
                }
            },
            "notification-url": "https://packagist.org/downloads/",
            "license": [
                "MIT"
            ],
            "authors": [
                {
                    "name": "inhere",
                    "email": "in.798@qq.com",
                    "homepage": "http://www.yzone.net/"
                }
            ],
            "description": "some useful http message library of the php",
            "homepage": "https://github.com/inhere/php-http",
            "keywords": [
                "curl",
                "http",
                "library",
                "tool"
            ],
            "time": "2017-10-20 06:15:50"
        },
        {
            "name": "inhere/library",
            "version": "dev-master",
            "source": {
                "type": "git",
                "url": "https://github.com/inhere/php-librarys.git",
                "reference": "f3e4f46033d11d233a2ba9d05ab9e8354b97cbfd"
            },
            "dist": {
                "type": "zip",
                "url": "https://files.phpcomposer.com/files/inhere/php-librarys/f3e4f46033d11d233a2ba9d05ab9e8354b97cbfd.zip",
                "reference": "f3e4f46033d11d233a2ba9d05ab9e8354b97cbfd",
                "shasum": ""
            },
            "require": {
                "php": ">=7.0.0",
                "psr/container": "^1.0"
            },
            "suggest": {
                "inhere/console": "a lightweight php console application library.",
                "inhere/http": "Very lightweight PSR-7 implements http message component",
                "inhere/php-validate": "Very lightweight data validate tool",
                "inhere/simple-print-tool": "Very lightweight data printing tools"
            },
            "type": "library",
            "autoload": {
                "psr-4": {
                    "Inhere\\Library\\": "src/"
                },
                "files": [
                    "src/functions.php",
                    "src/exceptions.php"
                ]
            },
            "notification-url": "https://packagist.org/downloads/",
            "license": [
                "MIT"
            ],
            "authors": [
                {
                    "name": "inhere",
                    "email": "in.798@qq.com",
                    "homepage": "http://www.yzone.net/"
                }
            ],
            "description": "some useful library of the php",
            "homepage": "https://github.com/inhere/php-librarys",
            "keywords": [
                "library",
                "php",
                "tool"
            ],
            "time": "2017-10-20 10:00:59"
        },
        {
            "name": "inhere/middleware",
            "version": "dev-master",
            "source": {
                "type": "git",
                "url": "https://github.com/inhere/php-middleware.git",
                "reference": "455f5925aabd6cce3857e0f023d7bec209e538d3"
            },
            "dist": {
                "type": "zip",
                "url": "https://files.phpcomposer.com/files/inhere/php-middleware/455f5925aabd6cce3857e0f023d7bec209e538d3.zip",
                "reference": "455f5925aabd6cce3857e0f023d7bec209e538d3",
                "shasum": ""
            },
            "require": {
                "php": ">=7.0.0"
            },
            "suggest": {
                "inhere/console": "a lightweight php console application library.",
                "inhere/php-validate": "Very lightweight data validate tool library",
                "inhere/sroute": "Very lightweight and fast router"
            },
            "type": "library",
            "autoload": {
                "psr-4": {
                    "Inhere\\Middleware\\": "src/"
                }
            },
            "notification-url": "https://packagist.org/downloads/",
            "license": [
                "MIT"
            ],
            "authors": [
                {
                    "name": "inhere",
                    "email": "in.798@qq.com",
                    "homepage": "http://www.yzone.net/"
                }
            ],
            "description": "the psr-15, psr-7 middleware library of the php",
            "homepage": "https://github.com/inhere/php-middleware",
            "keywords": [
                "library",
                "middleware",
                "middleware-dispatcher",
                "psr-15",
                "psr-7"
            ],
            "time": "2017-10-20 10:06:04"
        },
        {
            "name": "inhere/php-validate",
            "version": "v2.1.0",
            "source": {
                "type": "git",
                "url": "https://github.com/inhere/php-validate.git",
                "reference": "80f0c2451b63397d601e18394bcff1dae242564a"
            },
            "dist": {
                "type": "zip",
                "url": "https://files.phpcomposer.com/files/inhere/php-validate/80f0c2451b63397d601e18394bcff1dae242564a.zip",
                "reference": "80f0c2451b63397d601e18394bcff1dae242564a",
                "shasum": ""
            },
            "require": {
                "php": ">=7.0.0"
            },
            "suggest": {
                "inhere/simple-print-tool": "Very lightweight data printing tools"
            },
            "type": "library",
            "autoload": {
                "psr-4": {
                    "Inhere\\Validate\\": "src/"
                }
            },
            "notification-url": "https://packagist.org/downloads/",
            "license": [
                "MIT"
            ],
            "authors": [
                {
                    "name": "inhere",
                    "email": "in.798@qq.com",
                    "homepage": "http://www.yzone.net/"
                }
            ],
            "description": "a simple validate library of the php",
            "homepage": "http://github.com/inhere/php-validate",
            "keywords": [
                "library",
                "validate"
            ],
            "time": "2017-09-26T14:56:40+00:00"
        },
        {
            "name": "inhere/simple-active-record",
            "version": "dev-master",
            "source": {
                "type": "git",
                "url": "https://github.com/inhere/php-simple-activeRecord.git",
                "reference": "235f5fc69c4652454188845c71fcddf117d3bf09"
            },
            "dist": {
                "type": "zip",
                "url": "https://files.phpcomposer.com/files/inhere/php-simple-activeRecord/235f5fc69c4652454188845c71fcddf117d3bf09.zip",
                "reference": "235f5fc69c4652454188845c71fcddf117d3bf09",
                "shasum": ""
            },
            "require": {
                "inhere/php-validate": "^2.0",
                "php": ">=7.0.0",
                "psr/log": "~1.0",
                "windwalker/compare": "^3.0",
                "windwalker/query": "^3.0"
            },
            "suggest": {
                "inhere/console": "a lightweight php console application library.",
                "inhere/event": "the event manager",
                "inhere/http": "Very lightweight PSR-7 implements http message component",
                "inhere/sroute": "Very fast php router"
            },
            "type": "library",
            "autoload": {
                "psr-4": {
                    "SimpleAR\\": "src/"
                }
            },
            "notification-url": "https://packagist.org/downloads/",
            "license": [
                "MIT"
            ],
            "authors": [
                {
                    "name": "inhere",
                    "email": "in.798@qq.com",
                    "homepage": "http://www.yzone.net/"
                }
            ],
            "description": "a simple activeRecord library of the php",
            "homepage": "https://github.com/inhere/php-simple-activeRecord",
            "keywords": [
                "activerecord",
                "library",
                "pdo",
                "php",
                "tool"
            ],
            "time": "2017-10-20 02:21:10"
        },
        {
            "name": "inhere/sroute",
            "version": "dev-master",
            "source": {
                "type": "git",
                "url": "https://github.com/inhere/php-srouter.git",
                "reference": "7bcf76dfc92a76cd7f472d7473610e3b97b8c88c"
            },
            "dist": {
                "type": "zip",
                "url": "https://files.phpcomposer.com/files/inhere/php-srouter/7bcf76dfc92a76cd7f472d7473610e3b97b8c88c.zip",
                "reference": "7bcf76dfc92a76cd7f472d7473610e3b97b8c88c",
                "shasum": ""
            },
            "require": {
                "php": ">=5.6.0"
            },
            "suggest": {
                "inhere/simple-print-tool": "Very lightweight data printing tools"
            },
            "type": "library",
            "autoload": {
                "psr-4": {
                    "Inhere\\Route\\": "src/"
                }
            },
            "notification-url": "https://packagist.org/downloads/",
            "license": [
                "MIT"
            ],
            "authors": [
                {
                    "name": "inhere",
                    "email": "in.798@qq.com",
                    "homepage": "http://www.yzone.net/"
                }
            ],
            "description": "a very lightweight single file of the router.",
            "homepage": "https://github.com/inhere/php-srouter",
            "keywords": [
                "library",
                "php-router",
                "route",
                "router"
            ],
            "time": "2017-10-19 10:06:01"
        },
        {
            "name": "monolog/monolog",
            "version": "1.23.0",
            "source": {
                "type": "git",
                "url": "https://github.com/Seldaek/monolog.git",
                "reference": "fd8c787753b3a2ad11bc60c063cff1358a32a3b4"
            },
            "dist": {
                "type": "zip",
                "url": "https://files.phpcomposer.com/files/Seldaek/monolog/fd8c787753b3a2ad11bc60c063cff1358a32a3b4.zip",
                "reference": "fd8c787753b3a2ad11bc60c063cff1358a32a3b4",
                "shasum": ""
            },
            "require": {
                "php": ">=5.3.0",
                "psr/log": "~1.0"
            },
            "provide": {
                "psr/log-implementation": "1.0.0"
            },
            "require-dev": {
                "aws/aws-sdk-php": "^2.4.9 || ^3.0",
                "doctrine/couchdb": "~1.0@dev",
                "graylog2/gelf-php": "~1.0",
                "jakub-onderka/php-parallel-lint": "0.9",
                "php-amqplib/php-amqplib": "~2.4",
                "php-console/php-console": "^3.1.3",
                "phpunit/phpunit": "~4.5",
                "phpunit/phpunit-mock-objects": "2.3.0",
                "ruflin/elastica": ">=0.90 <3.0",
                "sentry/sentry": "^0.13",
                "swiftmailer/swiftmailer": "^5.3|^6.0"
            },
            "suggest": {
                "aws/aws-sdk-php": "Allow sending log messages to AWS services like DynamoDB",
                "doctrine/couchdb": "Allow sending log messages to a CouchDB server",
                "ext-amqp": "Allow sending log messages to an AMQP server (1.0+ required)",
                "ext-mongo": "Allow sending log messages to a MongoDB server",
                "graylog2/gelf-php": "Allow sending log messages to a GrayLog2 server",
                "mongodb/mongodb": "Allow sending log messages to a MongoDB server via PHP Driver",
                "php-amqplib/php-amqplib": "Allow sending log messages to an AMQP server using php-amqplib",
                "php-console/php-console": "Allow sending log messages to Google Chrome",
                "rollbar/rollbar": "Allow sending log messages to Rollbar",
                "ruflin/elastica": "Allow sending log messages to an Elastic Search server",
                "sentry/sentry": "Allow sending log messages to a Sentry server"
            },
            "type": "library",
            "extra": {
                "branch-alias": {
                    "dev-master": "2.0.x-dev"
                }
            },
            "autoload": {
                "psr-4": {
                    "Monolog\\": "src/Monolog"
                }
            },
            "notification-url": "https://packagist.org/downloads/",
            "license": [
                "MIT"
            ],
            "authors": [
                {
                    "name": "Jordi Boggiano",
                    "email": "j.boggiano@seld.be",
                    "homepage": "http://seld.be"
                }
            ],
            "description": "Sends your logs to files, sockets, inboxes, databases and various web services",
            "homepage": "http://github.com/Seldaek/monolog",
            "keywords": [
                "log",
                "logging",
                "psr-3"
            ],
            "time": "2017-06-19T01:22:40+00:00"
        },
        {
            "name": "overtrue/pinyin",
            "version": "3.0.6",
            "source": {
                "type": "git",
                "url": "https://github.com/overtrue/pinyin.git",
                "reference": "3b781d267197b74752daa32814d3a2cf5d140779"
            },
            "dist": {
                "type": "zip",
                "url": "https://files.phpcomposer.com/files/overtrue/pinyin/3b781d267197b74752daa32814d3a2cf5d140779.zip",
                "reference": "3b781d267197b74752daa32814d3a2cf5d140779",
                "shasum": ""
            },
            "require": {
                "php": ">=5.3"
            },
            "require-dev": {
                "phpunit/phpunit": "~4.8"
            },
            "type": "library",
            "autoload": {
                "psr-4": {
                    "Overtrue\\Pinyin\\": "src/"
                }
            },
            "notification-url": "https://packagist.org/downloads/",
            "license": [
                "MIT"
            ],
            "authors": [
                {
                    "name": "Carlos",
                    "homepage": "http://github.com/overtrue"
                }
            ],
            "description": "Chinese to pinyin translator.",
            "homepage": "https://github.com/overtrue/pinyin",
            "keywords": [
                "Chinese",
                "Pinyin",
                "cn2pinyin"
            ],
            "time": "2017-07-10T07:20:01+00:00"
        },
        {
            "name": "phpfastcache/phpfastcache",
            "version": "6.0.6",
            "source": {
                "type": "git",
                "url": "https://github.com/PHPSocialNetwork/phpfastcache.git",
                "reference": "80422c962bd21850dc76ff2bf0ca972ff9dff393"
            },
            "dist": {
                "type": "zip",
                "url": "https://files.phpcomposer.com/files/PHPSocialNetwork/phpfastcache/80422c962bd21850dc76ff2bf0ca972ff9dff393.zip",
                "reference": "80422c962bd21850dc76ff2bf0ca972ff9dff393",
                "shasum": ""
            },
            "require": {
                "ext-json": "*",
                "ext-mbstring": "*",
                "php": "^5.6 || ^7.0",
                "psr/cache": "~1.0.0",
                "psr/simple-cache": "~1.0.0"
            },
            "conflict": {
                "doctrine/couchdb": "*"
            },
            "suggest": {
                "ext-apc": "*",
                "ext-intl": "*",
                "ext-leveldb": "*",
                "ext-memcache": "*",
                "ext-memcached": "*",
                "ext-redis": "*",
                "ext-sqlite": "*",
                "ext-wincache": "*",
                "ext-xcache": "*",
                "mongodb/mongodb": "^1.1",
                "phpfastcache/couchdb": "~1.0.0",
                "phpfastcache/phpssdb": "~1.0.0",
                "predis/predis": "~1.1.0"
            },
            "type": "library",
            "autoload": {
                "psr-4": {
                    "phpFastCache\\": "src/phpFastCache/"
                }
            },
            "notification-url": "https://packagist.org/downloads/",
            "license": [
                "MIT"
            ],
            "authors": [
                {
                    "name": "Khoa Bui",
                    "email": "khoaofgod@gmail.com",
                    "homepage": "http://www.phpfastcache.com",
                    "role": "Developer"
                },
                {
                    "name": "Georges.L",
                    "email": "contact@geolim4.com",
                    "homepage": "https://github.com/Geolim4",
                    "role": "Developer"
                }
            ],
            "description": "PHP Cache Class - Reduce your database call using cache system. PhpFastCache handles a lot of drivers such as Apc(u), Cassandra, CouchBase, Couchdb, Mongodb, Files, (P)redis, Leveldb, Memcache(d), Ssdb, Sqlite, Wincache, Xcache, Zend Data Cache.",
            "homepage": "http://www.phpfastcache.com",
            "keywords": [
                "LevelDb",
                "apc",
                "apcu",
                "cache",
                "cache class",
                "caching",
                "cassandra",
                "cookie",
                "couchbase",
                "couchdb",
                "files cache",
                "memcache",
                "memcached",
                "mongodb",
                "mysql cache",
                "pdo cache",
                "php cache",
                "predis",
                "redis",
                "ssdb",
                "wincache",
                "xcache",
                "zend",
                "zend data cache",
                "zend disk cache",
                "zend memory cache",
                "zend server"
            ],
            "time": "2017-10-19T19:34:36+00:00"
        },
        {
            "name": "psr/cache",
            "version": "1.0.1",
            "source": {
                "type": "git",
                "url": "https://github.com/php-fig/cache.git",
                "reference": "d11b50ad223250cf17b86e38383413f5a6764bf8"
            },
            "dist": {
                "type": "zip",
                "url": "https://files.phpcomposer.com/files/php-fig/cache/d11b50ad223250cf17b86e38383413f5a6764bf8.zip",
                "reference": "d11b50ad223250cf17b86e38383413f5a6764bf8",
                "shasum": ""
            },
            "require": {
                "php": ">=5.3.0"
            },
            "type": "library",
            "extra": {
                "branch-alias": {
                    "dev-master": "1.0.x-dev"
                }
            },
            "autoload": {
                "psr-4": {
                    "Psr\\Cache\\": "src/"
                }
            },
            "notification-url": "https://packagist.org/downloads/",
            "license": [
                "MIT"
            ],
            "authors": [
                {
                    "name": "PHP-FIG",
                    "homepage": "http://www.php-fig.org/"
                }
            ],
            "description": "Common interface for caching libraries",
            "keywords": [
                "cache",
                "psr",
                "psr-6"
            ],
            "time": "2016-08-06T20:24:11+00:00"
        },
        {
            "name": "psr/container",
            "version": "1.0.0",
            "source": {
                "type": "git",
                "url": "https://github.com/php-fig/container.git",
                "reference": "b7ce3b176482dbbc1245ebf52b181af44c2cf55f"
            },
            "dist": {
                "type": "zip",
                "url": "https://files.phpcomposer.com/files/php-fig/container/b7ce3b176482dbbc1245ebf52b181af44c2cf55f.zip",
                "reference": "b7ce3b176482dbbc1245ebf52b181af44c2cf55f",
                "shasum": ""
            },
            "require": {
                "php": ">=5.3.0"
            },
            "type": "library",
            "extra": {
                "branch-alias": {
                    "dev-master": "1.0.x-dev"
                }
            },
            "autoload": {
                "psr-4": {
                    "Psr\\Container\\": "src/"
                }
            },
            "notification-url": "https://packagist.org/downloads/",
            "license": [
                "MIT"
            ],
            "authors": [
                {
                    "name": "PHP-FIG",
                    "homepage": "http://www.php-fig.org/"
                }
            ],
            "description": "Common Container Interface (PHP FIG PSR-11)",
            "homepage": "https://github.com/php-fig/container",
            "keywords": [
                "PSR-11",
                "container",
                "container-interface",
                "container-interop",
                "psr"
            ],
            "time": "2017-02-14T16:28:37+00:00"
        },
        {
            "name": "psr/http-message",
            "version": "1.0.1",
            "source": {
                "type": "git",
                "url": "https://github.com/php-fig/http-message.git",
                "reference": "f6561bf28d520154e4b0ec72be95418abe6d9363"
            },
            "dist": {
                "type": "zip",
                "url": "https://files.phpcomposer.com/files/php-fig/http-message/f6561bf28d520154e4b0ec72be95418abe6d9363.zip",
                "reference": "f6561bf28d520154e4b0ec72be95418abe6d9363",
                "shasum": ""
            },
            "require": {
                "php": ">=5.3.0"
            },
            "type": "library",
            "extra": {
                "branch-alias": {
                    "dev-master": "1.0.x-dev"
                }
            },
            "autoload": {
                "psr-4": {
                    "Psr\\Http\\Message\\": "src/"
                }
            },
            "notification-url": "https://packagist.org/downloads/",
            "license": [
                "MIT"
            ],
            "authors": [
                {
                    "name": "PHP-FIG",
                    "homepage": "http://www.php-fig.org/"
                }
            ],
            "description": "Common interface for HTTP messages",
            "homepage": "https://github.com/php-fig/http-message",
            "keywords": [
                "http",
                "http-message",
                "psr",
                "psr-7",
                "request",
                "response"
            ],
            "time": "2016-08-06T14:39:51+00:00"
        },
        {
            "name": "psr/log",
            "version": "1.0.2",
            "source": {
                "type": "git",
                "url": "https://github.com/php-fig/log.git",
                "reference": "4ebe3a8bf773a19edfe0a84b6585ba3d401b724d"
            },
            "dist": {
                "type": "zip",
                "url": "https://files.phpcomposer.com/files/php-fig/log/4ebe3a8bf773a19edfe0a84b6585ba3d401b724d.zip",
                "reference": "4ebe3a8bf773a19edfe0a84b6585ba3d401b724d",
                "shasum": ""
            },
            "require": {
                "php": ">=5.3.0"
            },
            "type": "library",
            "extra": {
                "branch-alias": {
                    "dev-master": "1.0.x-dev"
                }
            },
            "autoload": {
                "psr-4": {
                    "Psr\\Log\\": "Psr/Log/"
                }
            },
            "notification-url": "https://packagist.org/downloads/",
            "license": [
                "MIT"
            ],
            "authors": [
                {
                    "name": "PHP-FIG",
                    "homepage": "http://www.php-fig.org/"
                }
            ],
            "description": "Common interface for logging libraries",
            "homepage": "https://github.com/php-fig/log",
            "keywords": [
                "log",
                "psr",
                "psr-3"
            ],
            "time": "2016-10-10T12:19:37+00:00"
        },
        {
            "name": "psr/simple-cache",
            "version": "1.0.0",
            "source": {
                "type": "git",
                "url": "https://github.com/php-fig/simple-cache.git",
                "reference": "753fa598e8f3b9966c886fe13f370baa45ef0e24"
            },
            "dist": {
                "type": "zip",
                "url": "https://files.phpcomposer.com/files/php-fig/simple-cache/753fa598e8f3b9966c886fe13f370baa45ef0e24.zip",
                "reference": "753fa598e8f3b9966c886fe13f370baa45ef0e24",
                "shasum": ""
            },
            "require": {
                "php": ">=5.3.0"
            },
            "type": "library",
            "extra": {
                "branch-alias": {
                    "dev-master": "1.0.x-dev"
                }
            },
            "autoload": {
                "psr-4": {
                    "Psr\\SimpleCache\\": "src/"
                }
            },
            "notification-url": "https://packagist.org/downloads/",
            "license": [
                "MIT"
            ],
            "authors": [
                {
                    "name": "PHP-FIG",
                    "homepage": "http://www.php-fig.org/"
                }
            ],
            "description": "Common interfaces for simple caching",
            "keywords": [
                "cache",
                "caching",
                "psr",
                "psr-16",
                "simple-cache"
            ],
            "time": "2017-01-02T13:31:39+00:00"
        },
        {
            "name": "windwalker/cache",
            "version": "3.2.7",
            "source": {
                "type": "git",
                "url": "https://github.com/ventoviro/windwalker-cache.git",
                "reference": "4db69fc070a4a4f9e6f7a29e9614494d18620be9"
            },
            "dist": {
                "type": "zip",
                "url": "https://files.phpcomposer.com/files/ventoviro/windwalker-cache/4db69fc070a4a4f9e6f7a29e9614494d18620be9.zip",
                "reference": "4db69fc070a4a4f9e6f7a29e9614494d18620be9",
                "shasum": ""
            },
            "require": {
                "php": ">=5.5.9"
            },
            "provide": {
                "psr/cache-implementation": "~1.0"
            },
            "require-dev": {
                "windwalker/test": "~3.0"
            },
            "type": "windwalker-package",
            "extra": {
                "branch-alias": {
                    "dev-master": "3.x-dev"
                }
            },
            "autoload": {
                "psr-4": {
                    "Windwalker\\Cache\\": ""
                }
            },
            "notification-url": "https://packagist.org/downloads/",
            "license": [
                "LGPL-2.0+"
            ],
            "description": "Windwalker Cache package",
            "homepage": "https://github.com/ventoviro/windwalker-cache",
            "keywords": [
                "cache",
                "framework",
                "windwalker"
            ],
            "time": "2017-06-25T15:37:39+00:00"
        },
        {
            "name": "windwalker/compare",
            "version": "3.2.7",
            "source": {
                "type": "git",
                "url": "https://github.com/ventoviro/windwalker-compare.git",
                "reference": "9a16b0b2bd04b4e32468f6a6372a3b60d6c70b0b"
            },
            "dist": {
                "type": "zip",
                "url": "https://files.phpcomposer.com/files/ventoviro/windwalker-compare/9a16b0b2bd04b4e32468f6a6372a3b60d6c70b0b.zip",
                "reference": "9a16b0b2bd04b4e32468f6a6372a3b60d6c70b0b",
                "shasum": ""
            },
            "require": {
                "php": ">=5.5.9"
            },
            "require-dev": {
                "windwalker/test": "~3.0"
            },
            "type": "windwalker-package",
            "extra": {
                "branch-alias": {
                    "dev-master": "3.x-dev"
                }
            },
            "autoload": {
                "psr-4": {
                    "Windwalker\\Compare\\": ""
                }
            },
            "notification-url": "https://packagist.org/downloads/",
            "license": [
                "LGPL-2.0+"
            ],
            "description": "Windwalker Compare package",
            "homepage": "https://github.com/ventoviro/windwalker-compare",
            "keywords": [
                "compare",
                "framework",
                "windwalker"
            ],
            "time": "2017-06-25T15:37:39+00:00"
        },
        {
            "name": "windwalker/query",
            "version": "3.2.7",
            "source": {
                "type": "git",
                "url": "https://github.com/ventoviro/windwalker-query.git",
                "reference": "bf8e5422f8f1639a33913272a599bd8a548dd881"
            },
            "dist": {
                "type": "zip",
                "url": "https://files.phpcomposer.com/files/ventoviro/windwalker-query/bf8e5422f8f1639a33913272a599bd8a548dd881.zip",
                "reference": "bf8e5422f8f1639a33913272a599bd8a548dd881",
                "shasum": ""
            },
            "require": {
                "php": ">=5.5.9"
            },
            "require-dev": {
                "jdorn/sql-formatter": "1.*",
                "windwalker/database": "~3.0",
                "windwalker/test": "~3.0"
            },
            "type": "windwalker-package",
            "extra": {
                "branch-alias": {
                    "dev-master": "3.x-dev"
                }
            },
            "autoload": {
                "psr-4": {
                    "Windwalker\\Query\\": ""
                }
            },
            "notification-url": "https://packagist.org/downloads/",
            "license": [
                "LGPL-2.0+"
            ],
            "description": "Windwalker Query package",
            "homepage": "https://github.com/ventoviro/windwalker-query",
            "keywords": [
                "framework",
                "query",
                "windwalker"
            ],
            "time": "2017-10-16T08:38:13+00:00"
        }
    ],
    "packages-dev": [
        {
            "name": "inhere/simple-print-tool",
            "version": "dev-master",
            "source": {
                "type": "git",
                "url": "https://github.com/inhere/simple-print-tool.git",
                "reference": "84ed5a2fb3d2538e415e757a04f3890ca1c9b135"
            },
            "dist": {
                "type": "zip",
                "url": "https://files.phpcomposer.com/files/inhere/simple-print-tool/84ed5a2fb3d2538e415e757a04f3890ca1c9b135.zip",
                "reference": "84ed5a2fb3d2538e415e757a04f3890ca1c9b135",
                "shasum": ""
            },
            "require": {
                "php": ">=5.6"
            },
            "type": "library",
            "autoload": {
                "files": [
                    "functions.php",
                    "simplePrinter.php"
                ],
                "classmap": [
                    "Spt.php"
                ]
            },
            "notification-url": "https://packagist.org/downloads/",
            "license": [
                "Apache License 2.0"
            ],
            "authors": [
                {
                    "name": "inhere",
                    "email": "in.798@qq.com"
                }
            ],
            "description": "a simple php code format print tool",
            "homepage": "http://www.yzone.net",
            "keywords": [
                "format",
                "print",
                "tool"
            ],
            "time": "2017-10-06 17:11:32"
        }
    ],
    "aliases": [],
    "minimum-stability": "stable",
    "stability-flags": {
        "inhere/library": 20,
        "inhere/console": 20,
        "inhere/sroute": 20,
        "inhere/event": 20,
        "inhere/http": 20,
        "inhere/middleware": 20,
        "inhere/simple-active-record": 20,
        "inhere/simple-print-tool": 20
    },
    "prefer-stable": false,
    "prefer-lowest": false,
    "platform": {
        "php": ">=7.0.0"
    },
    "platform-dev": []
}
